
Microsoft Visual Studio Solution File, Format Version 12.00
# Visual Studio Version 16
VisualStudioVersion = 16.0.31729.503
MinimumVisualStudioVersion = 10.0.40219.1
Project("{9A19103F-16F7-4668-BE54-9A1E7A4F7556}") = "1.BasicStackOperations", "1.BasicStackOperations\1.BasicStackOperations.csproj", "{0953DC33-DF80-407E-9BEE-B8DB6DC70E1E}"
EndProject
Project("{9A19103F-16F7-4668-BE54-9A1E7A4F7556}") = "2.BasicQueueOperations", "2.BasicQueueOperations\2.BasicQueueOperations.csproj", "{B94EE638-DF9E-40CD-B38E-C62D0F45ED9A}"
EndProject
Project("{9A19103F-16F7-4668-BE54-9A1E7A4F7556}") = "3.MaximumAndMinimumElement", "MaximumAndMinimumElement\3.MaximumAndMinimumElement.csproj", "{CFBF4534-30FB-4A27-8E82-88569DB71D11}"
EndProject
Project("{9A19103F-16F7-4668-BE54-9A1E7A4F7556}") = "4.FastFood", "4.FastFood\4.FastFood.csproj", "{0809002C-7D32-42A4-AB6C-385625AE0610}"
EndProject
Project("{9A19103F-16F7-4668-BE54-9A1E7A4F7556}") = "5.FashionBoutique", "5.FashionBoutique\5.FashionBoutique.csproj", "{457EB9D6-37F7-48AB-98CB-20521A279128}"
EndProject
Project("{9A19103F-16F7-4668-BE54-9A1E7A4F7556}") = "6.SongsQueue", "6.SongsQueue\6.SongsQueue.csproj", "{F221394F-20F4-471B-BE65-D323704B7FAE}"
EndProject
Project("{FAE04EC0-301F-11D3-BF4B-00C04F79EFBC}") = "7.TruckTour", "7.TruckTour\7.TruckTour.csproj", "{64B9EFFB-B6E4-481E-97C5-BF9932673E1D}"
EndProject
Project("{FAE04EC0-301F-11D3-BF4B-00C04F79EFBC}") = "8.BalancedParentheses", "8.BalancedParentheses\8.BalancedParentheses.csproj", "{923E8737-DBA0-46A0-93F3-0F31736AD6E3}"
EndProject
Project("{FAE04EC0-301F-11D3-BF4B-00C04F79EFBC}") = "9.SimpleTextEditor", "9.SimpleTextEditor\9.SimpleTextEditor.csproj", "{68CCC45E-5F04-4FF8-8048-1367A97780A3}"
EndProject
Project("{FAE04EC0-301F-11D3-BF4B-00C04F79EFBC}") = "10.CrossRoads", "10.CrossRoads\10.CrossRoads.csproj", "{4E02CE74-A7D1-4ED6-8DF1-195070C2D6E6}"
EndProject
Project("{FAE04EC0-301F-11D3-BF4B-00C04F79EFBC}") = "11.KeyRevolver", "11.KeyRevolver\11.KeyRevolver.csproj", "{E1C10529-D72F-47C0-A008-59674DD0DDF9}"
EndProject
Project("{FAE04EC0-301F-11D3-BF4B-00C04F79EFBC}") = "12.CupsAndBottles", "12.CupsAndBottles\12.CupsAndBottles.csproj", "{B3C9E8E7-24AB-4F2A-817A-4C3A8C12BD40}"
EndProject
Global
	GlobalSection(SolutionConfigurationPlatforms) = preSolution
		Debug|Any CPU = Debug|Any CPU
		Debug|x64 = Debug|x64
		Debug|x86 = Debug|x86
		Release|Any CPU = Release|Any CPU
		Release|x64 = Release|x64
		Release|x86 = Release|x86
	EndGlobalSection
	GlobalSection(ProjectConfigurationPlatforms) = postSolution
		{0953DC33-DF80-407E-9BEE-B8DB6DC70E1E}.Debug|Any CPU.ActiveCfg = Debug|Any CPU
		{0953DC33-DF80-407E-9BEE-B8DB6DC70E1E}.Debug|Any CPU.Build.0 = Debug|Any CPU
		{0953DC33-DF80-407E-9BEE-B8DB6DC70E1E}.Debug|x64.ActiveCfg = Debug|Any CPU
		{0953DC33-DF80-407E-9BEE-B8DB6DC70E1E}.Debug|x64.Build.0 = Debug|Any CPU
		{0953DC33-DF80-407E-9BEE-B8DB6DC70E1E}.Debug|x86.ActiveCfg = Debug|Any CPU
		{0953DC33-DF80-407E-9BEE-B8DB6DC70E1E}.Debug|x86.Build.0 = Debug|Any CPU
		{0953DC33-DF80-407E-9BEE-B8DB6DC70E1E}.Release|Any CPU.ActiveCfg = Release|Any CPU
		{0953DC33-DF80-407E-9BEE-B8DB6DC70E1E}.Release|Any CPU.Build.0 = Release|Any CPU
		{0953DC33-DF80-407E-9BEE-B8DB6DC70E1E}.Release|x64.ActiveCfg = Release|Any CPU
		{0953DC33-DF80-407E-9BEE-B8DB6DC70E1E}.Release|x64.Build.0 = Release|Any CPU
		{0953DC33-DF80-407E-9BEE-B8DB6DC70E1E}.Release|x86.ActiveCfg = Release|Any CPU
		{0953DC33-DF80-407E-9BEE-B8DB6DC70E1E}.Release|x86.Build.0 = Release|Any CPU
		{B94EE638-DF9E-40CD-B38E-C62D0F45ED9A}.Debug|Any CPU.ActiveCfg = Debug|Any CPU
		{B94EE638-DF9E-40CD-B38E-C62D0F45ED9A}.Debug|Any CPU.Build.0 = Debug|Any CPU
		{B94EE638-DF9E-40CD-B38E-C62D0F45ED9A}.Debug|x64.ActiveCfg = Debug|Any CPU
		{B94EE638-DF9E-40CD-B38E-C62D0F45ED9A}.Debug|x64.Build.0 = Debug|Any CPU
		{B94EE638-DF9E-40CD-B38E-C62D0F45ED9A}.Debug|x86.ActiveCfg = Debug|Any CPU
		{B94EE638-DF9E-40CD-B38E-C62D0F45ED9A}.Debug|x86.Build.0 = Debug|Any CPU
		{B94EE638-DF9E-40CD-B38E-C62D0F45ED9A}.Release|Any CPU.ActiveCfg = Release|Any CPU
		{B94EE638-DF9E-40CD-B38E-C62D0F45ED9A}.Release|Any CPU.Build.0 = Release|Any CPU
		{B94EE638-DF9E-40CD-B38E-C62D0F45ED9A}.Release|x64.ActiveCfg = Release|Any CPU
		{B94EE638-DF9E-40CD-B38E-C62D0F45ED9A}.Release|x64.Build.0 = Release|Any CPU
		{B94EE638-DF9E-40CD-B38E-C62D0F45ED9A}.Release|x86.ActiveCfg = Release|Any CPU
		{B94EE638-DF9E-40CD-B38E-C62D0F45ED9A}.Release|x86.Build.0 = Release|Any CPU
		{CFBF4534-30FB-4A27-8E82-88569DB71D11}.Debug|Any CPU.ActiveCfg = Debug|Any CPU
		{CFBF4534-30FB-4A27-8E82-88569DB71D11}.Debug|Any CPU.Build.0 = Debug|Any CPU
		{CFBF4534-30FB-4A27-8E82-88569DB71D11}.Debug|x64.ActiveCfg = Debug|Any CPU
		{CFBF4534-30FB-4A27-8E82-88569DB71D11}.Debug|x64.Build.0 = Debug|Any CPU
		{CFBF4534-30FB-4A27-8E82-88569DB71D11}.Debug|x86.ActiveCfg = Debug|Any CPU
		{CFBF4534-30FB-4A27-8E82-88569DB71D11}.Debug|x86.Build.0 = Debug|Any CPU
		{CFBF4534-30FB-4A27-8E82-88569DB71D11}.Release|Any CPU.ActiveCfg = Release|Any CPU
		{CFBF4534-30FB-4A27-8E82-88569DB71D11}.Release|Any CPU.Build.0 = Release|Any CPU
		{CFBF4534-30FB-4A27-8E82-88569DB71D11}.Release|x64.ActiveCfg = Release|Any CPU
		{CFBF4534-30FB-4A27-8E82-88569DB71D11}.Release|x64.Build.0 = Release|Any CPU
		{CFBF4534-30FB-4A27-8E82-88569DB71D11}.Release|x86.ActiveCfg = Release|Any CPU
		{CFBF4534-30FB-4A27-8E82-88569DB71D11}.Release|x86.Build.0 = Release|Any CPU
		{0809002C-7D32-42A4-AB6C-385625AE0610}.Debug|Any CPU.ActiveCfg = Debug|Any CPU
		{0809002C-7D32-42A4-AB6C-385625AE0610}.Debug|Any CPU.Build.0 = Debug|Any CPU
		{0809002C-7D32-42A4-AB6C-385625AE0610}.Debug|x64.ActiveCfg = Debug|Any CPU
		{0809002C-7D32-42A4-AB6C-385625AE0610}.Debug|x64.Build.0 = Debug|Any CPU
		{0809002C-7D32-42A4-AB6C-385625AE0610}.Debug|x86.ActiveCfg = Debug|Any CPU
		{0809002C-7D32-42A4-AB6C-385625AE0610}.Debug|x86.Build.0 = Debug|Any CPU
		{0809002C-7D32-42A4-AB6C-385625AE0610}.Release|Any CPU.ActiveCfg = Release|Any CPU
		{0809002C-7D32-42A4-AB6C-385625AE0610}.Release|Any CPU.Build.0 = Release|Any CPU
		{0809002C-7D32-42A4-AB6C-385625AE0610}.Release|x64.ActiveCfg = Release|Any CPU
		{0809002C-7D32-42A4-AB6C-385625AE0610}.Release|x64.Build.0 = Release|Any CPU
		{0809002C-7D32-42A4-AB6C-385625AE0610}.Release|x86.ActiveCfg = Release|Any CPU
		{0809002C-7D32-42A4-AB6C-385625AE0610}.Release|x86.Build.0 = Release|Any CPU
		{457EB9D6-37F7-48AB-98CB-20521A279128}.Debug|Any CPU.ActiveCfg = Debug|Any CPU
		{457EB9D6-37F7-48AB-98CB-20521A279128}.Debug|Any CPU.Build.0 = Debug|Any CPU
		{457EB9D6-37F7-48AB-98CB-20521A279128}.Debug|x64.ActiveCfg = Debug|Any CPU
		{457EB9D6-37F7-48AB-98CB-20521A279128}.Debug|x64.Build.0 = Debug|Any CPU
		{457EB9D6-37F7-48AB-98CB-20521A279128}.Debug|x86.ActiveCfg = Debug|Any CPU
		{457EB9D6-37F7-48AB-98CB-20521A279128}.Debug|x86.Build.0 = Debug|Any CPU
		{457EB9D6-37F7-48AB-98CB-20521A279128}.Release|Any CPU.ActiveCfg = Release|Any CPU
		{457EB9D6-37F7-48AB-98CB-20521A279128}.Release|Any CPU.Build.0 = Release|Any CPU
		{457EB9D6-37F7-48AB-98CB-20521A279128}.Release|x64.ActiveCfg = Release|Any CPU
		{457EB9D6-37F7-48AB-98CB-20521A279128}.Release|x64.Build.0 = Release|Any CPU
		{457EB9D6-37F7-48AB-98CB-20521A279128}.Release|x86.ActiveCfg = Release|Any CPU
		{457EB9D6-37F7-48AB-98CB-20521A279128}.Release|x86.Build.0 = Release|Any CPU
		{F221394F-20F4-471B-BE65-D323704B7FAE}.Debug|Any CPU.ActiveCfg = Debug|Any CPU
		{F221394F-20F4-471B-BE65-D323704B7FAE}.Debug|Any CPU.Build.0 = Debug|Any CPU
		{F221394F-20F4-471B-BE65-D323704B7FAE}.Debug|x64.ActiveCfg = Debug|Any CPU
		{F221394F-20F4-471B-BE65-D323704B7FAE}.Debug|x64.Build.0 = Debug|Any CPU
		{F221394F-20F4-471B-BE65-D323704B7FAE}.Debug|x86.ActiveCfg = Debug|Any CPU
		{F221394F-20F4-471B-BE65-D323704B7FAE}.Debug|x86.Build.0 = Debug|Any CPU
		{F221394F-20F4-471B-BE65-D323704B7FAE}.Release|Any CPU.ActiveCfg = Release|Any CPU
		{F221394F-20F4-471B-BE65-D323704B7FAE}.Release|Any CPU.Build.0 = Release|Any CPU
		{F221394F-20F4-471B-BE65-D323704B7FAE}.Release|x64.ActiveCfg = Release|Any CPU
		{F221394F-20F4-471B-BE65-D323704B7FAE}.Release|x64.Build.0 = Release|Any CPU
		{F221394F-20F4-471B-BE65-D323704B7FAE}.Release|x86.ActiveCfg = Release|Any CPU
		{F221394F-20F4-471B-BE65-D323704B7FAE}.Release|x86.Build.0 = Release|Any CPU
		{64B9EFFB-B6E4-481E-97C5-BF9932673E1D}.Debug|Any CPU.ActiveCfg = Debug|Any CPU
		{64B9EFFB-B6E4-481E-97C5-BF9932673E1D}.Debug|Any CPU.Build.0 = Debug|Any CPU
		{64B9EFFB-B6E4-481E-97C5-BF9932673E1D}.Debug|x64.ActiveCfg = Debug|Any CPU
		{64B9EFFB-B6E4-481E-97C5-BF9932673E1D}.Debug|x64.Build.0 = Debug|Any CPU
		{64B9EFFB-B6E4-481E-97C5-BF9932673E1D}.Debug|x86.ActiveCfg = Debug|Any CPU
		{64B9EFFB-B6E4-481E-97C5-BF9932673E1D}.Debug|x86.Build.0 = Debug|Any CPU
		{64B9EFFB-B6E4-481E-97C5-BF9932673E1D}.Release|Any CPU.ActiveCfg = Release|Any CPU
		{64B9EFFB-B6E4-481E-97C5-BF9932673E1D}.Release|Any CPU.Build.0 = Release|Any CPU
		{64B9EFFB-B6E4-481E-97C5-BF9932673E1D}.Release|x64.ActiveCfg = Release|Any CPU
		{64B9EFFB-B6E4-481E-97C5-BF9932673E1D}.Release|x64.Build.0 = Release|Any CPU
		{64B9EFFB-B6E4-481E-97C5-BF9932673E1D}.Release|x86.ActiveCfg = Release|Any CPU
		{64B9EFFB-B6E4-481E-97C5-BF9932673E1D}.Release|x86.Build.0 = Release|Any CPU
		{923E8737-DBA0-46A0-93F3-0F31736AD6E3}.Debug|Any CPU.ActiveCfg = Debug|Any CPU
		{923E8737-DBA0-46A0-93F3-0F31736AD6E3}.Debug|Any CPU.Build.0 = Debug|Any CPU
		{923E8737-DBA0-46A0-93F3-0F31736AD6E3}.Debug|x64.ActiveCfg = Debug|Any CPU
		{923E8737-DBA0-46A0-93F3-0F31736AD6E3}.Debug|x64.Build.0 = Debug|Any CPU
		{923E8737-DBA0-46A0-93F3-0F31736AD6E3}.Debug|x86.ActiveCfg = Debug|Any CPU
		{923E8737-DBA0-46A0-93F3-0F31736AD6E3}.Debug|x86.Build.0 = Debug|Any CPU
		{923E8737-DBA0-46A0-93F3-0F31736AD6E3}.Release|Any CPU.ActiveCfg = Release|Any CPU
		{923E8737-DBA0-46A0-93F3-0F31736AD6E3}.Release|Any CPU.Build.0 = Release|Any CPU
		{923E8737-DBA0-46A0-93F3-0F31736AD6E3}.Release|x64.ActiveCfg = Release|Any CPU
		{923E8737-DBA0-46A0-93F3-0F31736AD6E3}.Release|x64.Build.0 = Release|Any CPU
		{923E8737-DBA0-46A0-93F3-0F31736AD6E3}.Release|x86.ActiveCfg = Release|Any CPU
		{923E8737-DBA0-46A0-93F3-0F31736AD6E3}.Release|x86.Build.0 = Release|Any CPU
		{68CCC45E-5F04-4FF8-8048-1367A97780A3}.Debug|Any CPU.ActiveCfg = Debug|Any CPU
		{68CCC45E-5F04-4FF8-8048-1367A97780A3}.Debug|Any CPU.Build.0 = Debug|Any CPU
		{68CCC45E-5F04-4FF8-8048-1367A97780A3}.Debug|x64.ActiveCfg = Debug|Any CPU
		{68CCC45E-5F04-4FF8-8048-1367A97780A3}.Debug|x64.Build.0 = Debug|Any CPU
		{68CCC45E-5F04-4FF8-8048-1367A97780A3}.Debug|x86.ActiveCfg = Debug|Any CPU
		{68CCC45E-5F04-4FF8-8048-1367A97780A3}.Debug|x86.Build.0 = Debug|Any CPU
		{68CCC45E-5F04-4FF8-8048-1367A97780A3}.Release|Any CPU.ActiveCfg = Release|Any CPU
		{68CCC45E-5F04-4FF8-8048-1367A97780A3}.Release|Any CPU.Build.0 = Release|Any CPU
		{68CCC45E-5F04-4FF8-8048-1367A97780A3}.Release|x64.ActiveCfg = Release|Any CPU
		{68CCC45E-5F04-4FF8-8048-1367A97780A3}.Release|x64.Build.0 = Release|Any CPU
		{68CCC45E-5F04-4FF8-8048-1367A97780A3}.Release|x86.ActiveCfg = Release|Any CPU
		{68CCC45E-5F04-4FF8-8048-1367A97780A3}.Release|x86.Build.0 = Release|Any CPU
		{4E02CE74-A7D1-4ED6-8DF1-195070C2D6E6}.Debug|Any CPU.ActiveCfg = Debug|Any CPU
		{4E02CE74-A7D1-4ED6-8DF1-195070C2D6E6}.Debug|Any CPU.Build.0 = Debug|Any CPU
		{4E02CE74-A7D1-4ED6-8DF1-195070C2D6E6}.Debug|x64.ActiveCfg = Debug|Any CPU
		{4E02CE74-A7D1-4ED6-8DF1-195070C2D6E6}.Debug|x64.Build.0 = Debug|Any CPU
		{4E02CE74-A7D1-4ED6-8DF1-195070C2D6E6}.Debug|x86.ActiveCfg = Debug|Any CPU
		{4E02CE74-A7D1-4ED6-8DF1-195070C2D6E6}.Debug|x86.Build.0 = Debug|Any CPU
		{4E02CE74-A7D1-4ED6-8DF1-195070C2D6E6}.Release|Any CPU.ActiveCfg = Release|Any CPU
		{4E02CE74-A7D1-4ED6-8DF1-195070C2D6E6}.Release|Any CPU.Build.0 = Release|Any CPU
		{4E02CE74-A7D1-4ED6-8DF1-195070C2D6E6}.Release|x64.ActiveCfg = Release|Any CPU
		{4E02CE74-A7D1-4ED6-8DF1-195070C2D6E6}.Release|x64.Build.0 = Release|Any CPU
		{4E02CE74-A7D1-4ED6-8DF1-195070C2D6E6}.Release|x86.ActiveCfg = Release|Any CPU
		{4E02CE74-A7D1-4ED6-8DF1-195070C2D6E6}.Release|x86.Build.0 = Release|Any CPU
		{E1C10529-D72F-47C0-A008-59674DD0DDF9}.Debug|Any CPU.ActiveCfg = Debug|Any CPU
		{E1C10529-D72F-47C0-A008-59674DD0DDF9}.Debug|Any CPU.Build.0 = Debug|Any CPU
		{E1C10529-D72F-47C0-A008-59674DD0DDF9}.Debug|x64.ActiveCfg = Debug|Any CPU
		{E1C10529-D72F-47C0-A008-59674DD0DDF9}.Debug|x64.Build.0 = Debug|Any CPU
		{E1C10529-D72F-47C0-A008-59674DD0DDF9}.Debug|x86.ActiveCfg = Debug|Any CPU
		{E1C10529-D72F-47C0-A008-59674DD0DDF9}.Debug|x86.Build.0 = Debug|Any CPU
		{E1C10529-D72F-47C0-A008-59674DD0DDF9}.Release|Any CPU.ActiveCfg = Release|Any CPU
		{E1C10529-D72F-47C0-A008-59674DD0DDF9}.Release|Any CPU.Build.0 = Release|Any CPU
		{E1C10529-D72F-47C0-A008-59674DD0DDF9}.Release|x64.ActiveCfg = Release|Any CPU
		{E1C10529-D72F-47C0-A008-59674DD0DDF9}.Release|x64.Build.0 = Release|Any CPU
		{E1C10529-D72F-47C0-A008-59674DD0DDF9}.Release|x86.ActiveCfg = Release|Any CPU
		{E1C10529-D72F-47C0-A008-59674DD0DDF9}.Release|x86.Build.0 = Release|Any CPU
		{B3C9E8E7-24AB-4F2A-817A-4C3A8C12BD40}.Debug|Any CPU.ActiveCfg = Debug|Any CPU
		{B3C9E8E7-24AB-4F2A-817A-4C3A8C12BD40}.Debug|Any CPU.Build.0 = Debug|Any CPU
		{B3C9E8E7-24AB-4F2A-817A-4C3A8C12BD40}.Debug|x64.ActiveCfg = Debug|Any CPU
		{B3C9E8E7-24AB-4F2A-817A-4C3A8C12BD40}.Debug|x64.Build.0 = Debug|Any CPU
		{B3C9E8E7-24AB-4F2A-817A-4C3A8C12BD40}.Debug|x86.ActiveCfg = Debug|Any CPU
		{B3C9E8E7-24AB-4F2A-817A-4C3A8C12BD40}.Debug|x86.Build.0 = Debug|Any CPU
		{B3C9E8E7-24AB-4F2A-817A-4C3A8C12BD40}.Release|Any CPU.ActiveCfg = Release|Any CPU
		{B3C9E8E7-24AB-4F2A-817A-4C3A8C12BD40}.Release|Any CPU.Build.0 = Release|Any CPU
		{B3C9E8E7-24AB-4F2A-817A-4C3A8C12BD40}.Release|x64.ActiveCfg = Release|Any CPU
		{B3C9E8E7-24AB-4F2A-817A-4C3A8C12BD40}.Release|x64.Build.0 = Release|Any CPU
		{B3C9E8E7-24AB-4F2A-817A-4C3A8C12BD40}.Release|x86.ActiveCfg = Release|Any CPU
		{B3C9E8E7-24AB-4F2A-817A-4C3A8C12BD40}.Release|x86.Build.0 = Release|Any CPU
	EndGlobalSection
	GlobalSection(SolutionProperties) = preSolution
		HideSolutionNode = FALSE
	EndGlobalSection
	GlobalSection(ExtensibilityGlobals) = postSolution
		SolutionGuid = {68EE3AA4-6091-485E-9100-2C36D9AE9B00}
	EndGlobalSection
EndGlobal
